// !$*UTF8*$!
{
	archiveVersion = 1;
	classes = {
	};
	objectVersion = 50;
	objects = {

/* Begin PBXBuildFile section */
		1861A81724D5423B003634FC /* AppDelegate.swift in Sources */ = {isa = PBXBuildFile; fileRef = 1861A81624D5423B003634FC /* AppDelegate.swift */; };
		1861A81924D5423B003634FC /* SceneDelegate.swift in Sources */ = {isa = PBXBuildFile; fileRef = 1861A81824D5423B003634FC /* SceneDelegate.swift */; };
		1861A81B24D5423B003634FC /* ViewController.swift in Sources */ = {isa = PBXBuildFile; fileRef = 1861A81A24D5423B003634FC /* ViewController.swift */; };
		1861A81E24D5423B003634FC /* Main.storyboard in Resources */ = {isa = PBXBuildFile; fileRef = 1861A81C24D5423B003634FC /* Main.storyboard */; };
		1861A82024D5423C003634FC /* Assets.xcassets in Resources */ = {isa = PBXBuildFile; fileRef = 1861A81F24D5423C003634FC /* Assets.xcassets */; };
		1861A82324D5423C003634FC /* LaunchScreen.storyboard in Resources */ = {isa = PBXBuildFile; fileRef = 1861A82124D5423C003634FC /* LaunchScreen.storyboard */; };
		1861A82E24D5423C003634FC /* StopWatchTests.swift in Sources */ = {isa = PBXBuildFile; fileRef = 1861A82D24D5423C003634FC /* StopWatchTests.swift */; };
		1861A83924D5423C003634FC /* StopWatchUITests.swift in Sources */ = {isa = PBXBuildFile; fileRef = 1861A83824D5423C003634FC /* StopWatchUITests.swift */; };
/* End PBXBuildFile section */

/* Begin PBXContainerItemProxy section */
		1861A82A24D5423C003634FC /* PBXContainerItemProxy */ = {
			isa = PBXContainerItemProxy;
			containerPortal = 1861A80B24D5423A003634FC /* Project object */;
			proxyType = 1;
			remoteGlobalIDString = 1861A81224D5423A003634FC;
			remoteInfo = StopWatch;
		};
		1861A83524D5423C003634FC /* PBXContainerItemProxy */ = {
			isa = PBXContainerItemProxy;
			containerPortal = 1861A80B24D5423A003634FC /* Project object */;
			proxyType = 1;
			remoteGlobalIDString = 1861A81224D5423A003634FC;
			remoteInfo = StopWatch;
		};
/* End PBXContainerItemProxy section */

/* Begin PBXFileReference section */
		1861A81324D5423A003634FC /* StopWatch.app */ = {isa = PBXFileReference; explicitFileType = wrapper.application; includeInIndex = 0; path = StopWatch.app; sourceTree = BUILT_PRODUCTS_DIR; };
		1861A81624D5423B003634FC /* AppDelegate.swift */ = {isa = PBXFileReference; lastKnownFileType = sourcecode.swift; path = AppDelegate.swift; sourceTree = "<group>"; };
		1861A81824D5423B003634FC /* SceneDelegate.swift */ = {isa = PBXFileReference; lastKnownFileType = sourcecode.swift; path = SceneDelegate.swift; sourceTree = "<group>"; };
		1861A81A24D5423B003634FC /* ViewController.swift */ = {isa = PBXFileReference; lastKnownFileType = sourcecode.swift; path = ViewController.swift; sourceTree = "<group>"; };
		1861A81D24D5423B003634FC /* Base */ = {isa = PBXFileReference; lastKnownFileType = file.storyboard; name = Base; path = Base.lproj/Main.storyboard; sourceTree = "<group>"; };
		1861A81F24D5423C003634FC /* Assets.xcassets */ = {isa = PBXFileReference; lastKnownFileType = folder.assetcatalog; path = Assets.xcassets; sourceTree = "<group>"; };
		1861A82224D5423C003634FC /* Base */ = {isa = PBXFileReference; lastKnownFileType = file.storyboard; name = Base; path = Base.lproj/LaunchScreen.storyboard; sourceTree = "<group>"; };
		1861A82424D5423C003634FC /* Info.plist */ = {isa = PBXFileReference; lastKnownFileType = text.plist.xml; path = Info.plist; sourceTree = "<group>"; };
		1861A82924D5423C003634FC /* StopWatchTests.xctest */ = {isa = PBXFileReference; explicitFileType = wrapper.cfbundle; includeInIndex = 0; path = StopWatchTests.xctest; sourceTree = BUILT_PRODUCTS_DIR; };
		1861A82D24D5423C003634FC /* StopWatchTests.swift */ = {isa = PBXFileReference; lastKnownFileType = sourcecode.swift; path = StopWatchTests.swift; sourceTree = "<group>"; };
		1861A82F24D5423C003634FC /* Info.plist */ = {isa = PBXFileReference; lastKnownFileType = text.plist.xml; path = Info.plist; sourceTree = "<group>"; };
		1861A83424D5423C003634FC /* StopWatchUITests.xctest */ = {isa = PBXFileReference; explicitFileType = wrapper.cfbundle; includeInIndex = 0; path = StopWatchUITests.xctest; sourceTree = BUILT_PRODUCTS_DIR; };
		1861A83824D5423C003634FC /* StopWatchUITests.swift */ = {isa = PBXFileReference; lastKnownFileType = sourcecode.swift; path = StopWatchUITests.swift; sourceTree = "<group>"; };
		1861A83A24D5423C003634FC /* Info.plist */ = {isa = PBXFileReference; lastKnownFileType = text.plist.xml; path = Info.plist; sourceTree = "<group>"; };
/* End PBXFileReference section */

/* Begin PBXFrameworksBuildPhase section */
		1861A81024D5423A003634FC /* Frameworks */ = {
			isa = PBXFrameworksBuildPhase;
			buildActionMask = 2147483647;
			files = (
			);
			runOnlyForDeploymentPostprocessing = 0;
		};
		1861A82624D5423C003634FC /* Frameworks */ = {
			isa = PBXFrameworksBuildPhase;
			buildActionMask = 2147483647;
			files = (
			);
			runOnlyForDeploymentPostprocessing = 0;
		};
		1861A83124D5423C003634FC /* Frameworks */ = {
			isa = PBXFrameworksBuildPhase;
			buildActionMask = 2147483647;
			files = (
			);
			runOnlyForDeploymentPostprocessing = 0;
		};
/* End PBXFrameworksBuildPhase section */

/* Begin PBXGroup section */
		1861A80A24D5423A003634FC = {
			isa = PBXGroup;
			children = (
				1861A81524D5423A003634FC /* StopWatch */,
				1861A82C24D5423C003634FC /* StopWatchTests */,
				1861A83724D5423C003634FC /* StopWatchUITests */,
				1861A81424D5423A003634FC /* Products */,
			);
			sourceTree = "<group>";
		};
		1861A81424D5423A003634FC /* Products */ = {
			isa = PBXGroup;
			children = (
				1861A81324D5423A003634FC /* StopWatch.app */,
				1861A82924D5423C003634FC /* StopWatchTests.xctest */,
				1861A83424D5423C003634FC /* StopWatchUITests.xctest */,
			);
			name = Products;
			sourceTree = "<group>";
		};
		1861A81524D5423A003634FC /* StopWatch */ = {
			isa = PBXGroup;
			children = (
				1861A81624D5423B003634FC /* AppDelegate.swift */,
				1861A81824D5423B003634FC /* SceneDelegate.swift */,
				1861A81A24D5423B003634FC /* ViewController.swift */,
				1861A81C24D5423B003634FC /* Main.storyboard */,
				1861A81F24D5423C003634FC /* Assets.xcassets */,
				1861A82124D5423C003634FC /* LaunchScreen.storyboard */,
				1861A82424D5423C003634FC /* Info.plist */,
			);
			path = StopWatch;
			sourceTree = "<group>";
		};
		1861A82C24D5423C003634FC /* StopWatchTests */ = {
			isa = PBXGroup;
			children = (
				1861A82D24D5423C003634FC /* StopWatchTests.swift */,
				1861A82F24D5423C003634FC /* Info.plist */,
			);
			path = StopWatchTests;
			sourceTree = "<group>";
		};
		1861A83724D5423C003634FC /* StopWatchUITests */ = {
			isa = PBXGroup;
			children = (
				1861A83824D5423C003634FC /* StopWatchUITests.swift */,
				1861A83A24D5423C003634FC /* Info.plist */,
			);
			path = StopWatchUITests;
			sourceTree = "<group>";
		};
/* End PBXGroup section */

/* Begin PBXNativeTarget section */
		1861A81224D5423A003634FC /* StopWatch */ = {
			isa = PBXNativeTarget;
			buildConfigurationList = 1861A83D24D5423C003634FC /* Build configuration list for PBXNativeTarget "StopWatch" */;
			buildPhases = (
				1861A80F24D5423A003634FC /* Sources */,
				1861A81024D5423A003634FC /* Frameworks */,
				1861A81124D5423A003634FC /* Resources */,
			);
			buildRules = (
			);
			dependencies = (
			);
			name = StopWatch;
			productName = StopWatch;
			productReference = 1861A81324D5423A003634FC /* StopWatch.app */;
			productType = "com.apple.product-type.application";
		};
		1861A82824D5423C003634FC /* StopWatchTests */ = {
			isa = PBXNativeTarget;
			buildConfigurationList = 1861A84024D5423C003634FC /* Build configuration list for PBXNativeTarget "StopWatchTests" */;
			buildPhases = (
				1861A82524D5423C003634FC /* Sources */,
				1861A82624D5423C003634FC /* Frameworks */,
				1861A82724D5423C003634FC /* Resources */,
			);
			buildRules = (
			);
			dependencies = (
				1861A82B24D5423C003634FC /* PBXTargetDependency */,
			);
			name = StopWatchTests;
			productName = StopWatchTests;
			productReference = 1861A82924D5423C003634FC /* StopWatchTests.xctest */;
			productType = "com.apple.product-type.bundle.unit-test";
		};
		1861A83324D5423C003634FC /* StopWatchUITests */ = {
			isa = PBXNativeTarget;
			buildConfigurationList = 1861A84324D5423C003634FC /* Build configuration list for PBXNativeTarget "StopWatchUITests" */;
			buildPhases = (
				1861A83024D5423C003634FC /* Sources */,
				1861A83124D5423C003634FC /* Frameworks */,
				1861A83224D5423C003634FC /* Resources */,
			);
			buildRules = (
			);
			dependencies = (
				1861A83624D5423C003634FC /* PBXTargetDependency */,
			);
			name = StopWatchUITests;
			productName = StopWatchUITests;
			productReference = 1861A83424D5423C003634FC /* StopWatchUITests.xctest */;
			productType = "com.apple.product-type.bundle.ui-testing";
		};
/* End PBXNativeTarget section */

/* Begin PBXProject section */
		1861A80B24D5423A003634FC /* Project object */ = {
			isa = PBXProject;
			attributes = {
				LastSwiftUpdateCheck = 1160;
				LastUpgradeCheck = 1160;
				ORGANIZATIONNAME = Saikumar;
				TargetAttributes = {
					1861A81224D5423A003634FC = {
						CreatedOnToolsVersion = 11.6;
					};
					1861A82824D5423C003634FC = {
						CreatedOnToolsVersion = 11.6;
						TestTargetID = 1861A81224D5423A003634FC;
					};
					1861A83324D5423C003634FC = {
						CreatedOnToolsVersion = 11.6;
						TestTargetID = 1861A81224D5423A003634FC;
					};
				};
			};
			buildConfigurationList = 1861A80E24D5423A003634FC /* Build configuration list for PBXProject "StopWatch" */;
			compatibilityVersion = "Xcode 9.3";
			developmentRegion = en;
			hasScannedForEncodings = 0;
			knownRegions = (
				en,
				Base,
			);
			mainGroup = 1861A80A24D5423A003634FC;
			productRefGroup = 1861A81424D5423A003634FC /* Products */;
			projectDirPath = "";
			projectRoot = "";
			targets = (
				1861A81224D5423A003634FC /* StopWatch */,
				1861A82824D5423C003634FC /* StopWatchTests */,
				1861A83324D5423C003634FC /* StopWatchUITests */,
			);
		};
/* End PBXProject section */

/* Begin PBXResourcesBuildPhase section */
		1861A81124D5423A003634FC /* Resources */ = {
			isa = PBXResourcesBuildPhase;
			buildActionMask = 2147483647;
			files = (
				1861A82324D5423C003634FC /* LaunchScreen.storyboard in Resources */,
				1861A82024D5423C003634FC /* Assets.xcassets in Resources */,
				1861A81E24D5423B003634FC /* Main.storyboard in Resources */,
			);
			runOnlyForDeploymentPostprocessing = 0;
		};
		1861A82724D5423C003634FC /* Resources */ = {
			isa = PBXResourcesBuildPhase;
			buildActionMask = 2147483647;
			files = (
			);
			runOnlyForDeploymentPostprocessing = 0;
		};
		1861A83224D5423C003634FC /* Resources */ = {
			isa = PBXResourcesBuildPhase;
			buildActionMask = 2147483647;
			files = (
			);
			runOnlyForDeploymentPostprocessing = 0;
		};
/* End PBXResourcesBuildPhase section */

/* Begin PBXSourcesBuildPhase section */
		1861A80F24D5423A003634FC /* Sources */ = {
			isa = PBXSourcesBuildPhase;
			buildActionMask = 2147483647;
			files = (
				1861A81B24D5423B003634FC /* ViewController.swift in Sources */,
				1861A81724D5423B003634FC /* AppDelegate.swift in Sources */,
				1861A81924D5423B003634FC /* SceneDelegate.swift in Sources */,
			);
			runOnlyForDeploymentPostprocessing = 0;
		};
		1861A82524D5423C003634FC /* Sources */ = {
			isa = PBXSourcesBuildPhase;
			buildActionMask = 2147483647;
			files = (
				1861A82E24D5423C003634FC /* StopWatchTests.swift in Sources */,
			);
			runOnlyForDeploymentPostprocessing = 0;
		};
		1861A83024D5423C003634FC /* Sources */ = {
			isa = PBXSourcesBuildPhase;
			buildActionMask = 2147483647;
			files = (
				1861A83924D5423C003634FC /* StopWatchUITests.swift in Sources */,
			);
			runOnlyForDeploymentPostprocessing = 0;
		};
/* End PBXSourcesBuildPhase section */

/* Begin PBXTargetDependency section */
		1861A82B24D5423C003634FC /* PBXTargetDependency */ = {
			isa = PBXTargetDependency;
			target = 1861A81224D5423A003634FC /* StopWatch */;
			targetProxy = 1861A82A24D5423C003634FC /* PBXContainerItemProxy */;
		};
		1861A83624D5423C003634FC /* PBXTargetDependency */ = {
			isa = PBXTargetDependency;
			target = 1861A81224D5423A003634FC /* StopWatch */;
			targetProxy = 1861A83524D5423C003634FC /* PBXContainerItemProxy */;
		};
/* End PBXTargetDependency section */

/* Begin PBXVariantGroup section */
		1861A81C24D5423B003634FC /* Main.storyboard */ = {
			isa = PBXVariantGroup;
			children = (
				1861A81D24D5423B003634FC /* Base */,
			);
			name = Main.storyboard;
			sourceTree = "<group>";
		};
		1861A82124D5423C003634FC /* LaunchScreen.storyboard */ = {
			isa = PBXVariantGroup;
			children = (
				1861A82224D5423C003634FC /* Base */,
			);
			name = LaunchScreen.storyboard;
			sourceTree = "<group>";
		};
/* End PBXVariantGroup section */

/* Begin XCBuildConfiguration section */
		1861A83B24D5423C003634FC /* Debug */ = {
			isa = XCBuildConfiguration;
			buildSettings = {
				ALWAYS_SEARCH_USER_PATHS = NO;
				CLANG_ANALYZER_NONNULL = YES;
				CLANG_ANALYZER_NUMBER_OBJECT_CONVERSION = YES_AGGRESSIVE;
				CLANG_CXX_LANGUAGE_STANDARD = "gnu++14";
				CLANG_CXX_LIBRARY = "libc++";
				CLANG_ENABLE_MODULES = YES;
				CLANG_ENABLE_OBJC_ARC = YES;
				CLANG_ENABLE_OBJC_WEAK = YES;
				CLANG_WARN_BLOCK_CAPTURE_AUTORELEASING = YES;
				CLANG_WARN_BOOL_CONVERSION = YES;
				CLANG_WARN_COMMA = YES;
				CLANG_WARN_CONSTANT_CONVERSION = YES;
				CLANG_WARN_DEPRECATED_OBJC_IMPLEMENTATIONS = YES;
				CLANG_WARN_DIRECT_OBJC_ISA_USAGE = YES_ERROR;
				CLANG_WARN_DOCUMENTATION_COMMENTS = YES;
				CLANG_WARN_EMPTY_BODY = YES;
				CLANG_WARN_ENUM_CONVERSION = YES;
				CLANG_WARN_INFINITE_RECURSION = YES;
				CLANG_WARN_INT_CONVERSION = YES;
				CLANG_WARN_NON_LITERAL_NULL_CONVERSION = YES;
				CLANG_WARN_OBJC_IMPLICIT_RETAIN_SELF = YES;
				CLANG_WARN_OBJC_LITERAL_CONVERSION = YES;
				CLANG_WARN_OBJC_ROOT_CLASS = YES_ERROR;
				CLANG_WARN_RANGE_LOOP_ANALYSIS = YES;
				CLANG_WARN_STRICT_PROTOTYPES = YES;
				CLANG_WARN_SUSPICIOUS_MOVE = YES;
				CLANG_WARN_UNGUARDED_AVAILABILITY = YES_AGGRESSIVE;
				CLANG_WARN_UNREACHABLE_CODE = YES;
				CLANG_WARN__DUPLICATE_METHOD_MATCH = YES;
				COPY_PHASE_STRIP = NO;
				DEBUG_INFORMATION_FORMAT = dwarf;
				ENABLE_STRICT_OBJC_MSGSEND = YES;
				ENABLE_TESTABILITY = YES;
				GCC_C_LANGUAGE_STANDARD = gnu11;
				GCC_DYNAMIC_NO_PIC = NO;
				GCC_NO_COMMON_BLOCKS = YES;
				GCC_OPTIMIZATION_LEVEL = 0;
				GCC_PREPROCESSOR_DEFINITIONS = (
					"DEBUG=1",
					"$(inherited)",
				);
				GCC_WARN_64_TO_32_BIT_CONVERSION = YES;
				GCC_WARN_ABOUT_RETURN_TYPE = YES_ERROR;
				GCC_WARN_UNDECLARED_SELECTOR = YES;
				GCC_WARN_UNINITIALIZED_AUTOS = YES_AGGRESSIVE;
				GCC_WARN_UNUSED_FUNCTION = YES;
				GCC_WARN_UNUSED_VARIABLE = YES;
				IPHONEOS_DEPLOYMENT_TARGET = 13.6;
				MTL_ENABLE_DEBUG_INFO = INCLUDE_SOURCE;
				MTL_FAST_MATH = YES;
				ONLY_ACTIVE_ARCH = YES;
				SDKROOT = iphoneos;
				SWIFT_ACTIVE_COMPILATION_CONDITIONS = DEBUG;
				SWIFT_OPTIMIZATION_LEVEL = "-Onone";
			};
			name = Debug;
		};
		1861A83C24D5423C003634FC /* Release */ = {
			isa = XCBuildConfiguration;
			buildSettings = {
				ALWAYS_SEARCH_USER_PATHS = NO;
				CLANG_ANALYZER_NONNULL = YES;
				CLANG_ANALYZER_NUMBER_OBJECT_CONVERSION = YES_AGGRESSIVE;
				CLANG_CXX_LANGUAGE_STANDARD = "gnu++14";
				CLANG_CXX_LIBRARY = "libc++";
				CLANG_ENABLE_MODULES = YES;
				CLANG_ENABLE_OBJC_ARC = YES;
				CLANG_ENABLE_OBJC_WEAK = YES;
				CLANG_WARN_BLOCK_CAPTURE_AUTORELEASING = YES;
				CLANG_WARN_BOOL_CONVERSION = YES;
				CLANG_WARN_COMMA = YES;
				CLANG_WARN_CONSTANT_CONVERSION = YES;
				CLANG_WARN_DEPRECATED_OBJC_IMPLEMENTATIONS = YES;
				CLANG_WARN_DIRECT_OBJC_ISA_USAGE = YES_ERROR;
				CLANG_WARN_DOCUMENTATION_COMMENTS = YES;
				CLANG_WARN_EMPTY_BODY = YES;
				CLANG_WARN_ENUM_CONVERSION = YES;
				CLANG_WARN_INFINITE_RECURSION = YES;
				CLANG_WARN_INT_CONVERSION = YES;
				CLANG_WARN_NON_LITERAL_NULL_CONVERSION = YES;
				CLANG_WARN_OBJC_IMPLICIT_RETAIN_SELF = YES;
				CLANG_WARN_OBJC_LITERAL_CONVERSION = YES;
				CLANG_WARN_OBJC_ROOT_CLASS = YES_ERROR;
				CLANG_WARN_RANGE_LOOP_ANALYSIS = YES;
				CLANG_WARN_STRICT_PROTOTYPES = YES;
				CLANG_WARN_SUSPICIOUS_MOVE = YES;
				CLANG_WARN_UNGUARDED_AVAILABILITY = YES_AGGRESSIVE;
				CLANG_WARN_UNREACHABLE_CODE = YES;
				CLANG_WARN__DUPLICATE_METHOD_MATCH = YES;
				COPY_PHASE_STRIP = NO;
				DEBUG_INFORMATION_FORMAT = "dwarf-with-dsym";
				ENABLE_NS_ASSERTIONS = NO;
				ENABLE_STRICT_OBJC_MSGSEND = YES;
				GCC_C_LANGUAGE_STANDARD = gnu11;
				GCC_NO_COMMON_BLOCKS = YES;
				GCC_WARN_64_TO_32_BIT_CONVERSION = YES;
				GCC_WARN_ABOUT_RETURN_TYPE = YES_ERROR;
				GCC_WARN_UNDECLARED_SELECTOR = YES;
				GCC_WARN_UNINITIALIZED_AUTOS = YES_AGGRESSIVE;
				GCC_WARN_UNUSED_FUNCTION = YES;
				GCC_WARN_UNUSED_VARIABLE = YES;
				IPHONEOS_DEPLOYMENT_TARGET = 13.6;
				MTL_ENABLE_DEBUG_INFO = NO;
				MTL_FAST_MATH = YES;
				SDKROOT = iphoneos;
				SWIFT_COMPILATION_MODE = wholemodule;
				SWIFT_OPTIMIZATION_LEVEL = "-O";
				VALIDATE_PRODUCT = YES;
			};
			name = Release;
		};
		1861A83E24D5423C003634FC /* Debug */ = {
			isa = XCBuildConfiguration;
			buildSettings = {
				ASSETCATALOG_COMPILER_APPICON_NAME = AppIcon;
				CODE_SIGN_STYLE = Automatic;
				DEVELOPMENT_TEAM = PUUZQ4P7M2;
				INFOPLIST_FILE = StopWatch/Info.plist;
				IPHONEOS_DEPLOYMENT_TARGET = 13.6;
				LD_RUNPATH_SEARCH_PATHS = (
					"$(inherited)",
					"@executable_path/Frameworks",
				);
				PRODUCT_BUNDLE_IDENTIFIER = sai.StopWatch;
				PRODUCT_NAME = "$(TARGET_NAME)";
				SWIFT_VERSION = 5.0;
				TARGETED_DEVICE_FAMILY = "1,2";
			};
			name = Debug;
		};
		1861A83F24D5423C003634FC /* Release */ = {
			isa = XCBuildConfiguration;
			buildSettings = {
				ASSETCATALOG_COMPILER_APPICON_NAME = AppIcon;
				CODE_SIGN_STYLE = Automatic;
				DEVELOPMENT_TEAM = PUUZQ4P7M2;
				INFOPLIST_FILE = StopWatch/Info.plist;
				IPHONEOS_DEPLOYMENT_TARGET = 13.6;
				LD_RUNPATH_SEARCH_PATHS = (
					"$(inherited)",
					"@executable_path/Frameworks",
				);
				PRODUCT_BUNDLE_IDENTIFIER = sai.StopWatch;
				PRODUCT_NAME = "$(TARGET_NAME)";
				SWIFT_VERSION = 5.0;
				TARGETED_DEVICE_FAMILY = "1,2";
			};
			name = Release;
		};
		1861A84124D5423C003634FC /* Debug */ = {
			isa = XCBuildConfiguration;
			buildSettings = {
				ALWAYS_EMBED_SWIFT_STANDARD_LIBRARIES = YES;
				BUNDLE_LOADER = "$(TEST_HOST)";
				CODE_SIGN_STYLE = Automatic;
				INFOPLIST_FILE = StopWatchTests/Info.plist;
				IPHONEOS_DEPLOYMENT_TARGET = 13.6;
				LD_RUNPATH_SEARCH_PATHS = (
					"$(inherited)",
					"@executable_path/Frameworks",
					"@loader_path/Frameworks",
				);
				PRODUCT_BUNDLE_IDENTIFIER = sai.StopWatchTests;
				PRODUCT_NAME = "$(TARGET_NAME)";
				SWIFT_VERSION = 5.0;
				TARGETED_DEVICE_FAMILY = "1,2";
				TEST_HOST = "$(BUILT_PRODUCTS_DIR)/StopWatch.app/StopWatch";
			};
			name = Debug;
		};
		1861A84224D5423C003634FC /* Release */ = {
			isa = XCBuildConfiguration;
			buildSettings = {
				ALWAYS_EMBED_SWIFT_STANDARD_LIBRARIES = YES;
				BUNDLE_LOADER = "$(TEST_HOST)";
				CODE_SIGN_STYLE = Automatic;
				INFOPLIST_FILE = StopWatchTests/Info.plist;
				IPHONEOS_DEPLOYMENT_TARGET = 13.6;
				LD_RUNPATH_SEARCH_PATHS = (
					"$(inherited)",
					"@executable_path/Frameworks",
					"@loader_path/Frameworks",
				);
				PRODUCT_BUNDLE_IDENTIFIER = sai.StopWatchTests;
				PRODUCT_NAME = "$(TARGET_NAME)";
				SWIFT_VERSION = 5.0;
				TARGETED_DEVICE_FAMILY = "1,2";
				TEST_HOST = "$(BUILT_PRODUCTS_DIR)/StopWatch.app/StopWatch";
			};
			name = Release;
		};
		1861A84424D5423C003634FC /* Debug */ = {
			isa = XCBuildConfiguration;
			buildSettings = {
				ALWAYS_EMBED_SWIFT_STANDARD_LIBRARIES = YES;
				CODE_SIGN_STYLE = Automatic;
				INFOPLIST_FILE = StopWatchUITests/Info.plist;
				LD_RUNPATH_SEARCH_PATHS = (
					"$(inherited)",
					"@executable_path/Frameworks",
					"@loader_path/Frameworks",
				);
				PRODUCT_BUNDLE_IDENTIFIER = sai.StopWatchUITests;
				PRODUCT_NAME = "$(TARGET_NAME)";
				SWIFT_VERSION = 5.0;
				TARGETED_DEVICE_FAMILY = "1,2";
				TEST_TARGET_NAME = StopWatch;
			};
			name = Debug;
		};
		1861A84524D5423C003634FC /* Release */ = {
			isa = XCBuildConfiguration;
			buildSettings = {
				ALWAYS_EMBED_SWIFT_STANDARD_LIBRARIES = YES;
				CODE_SIGN_STYLE = Automatic;
				INFOPLIST_FILE = StopWatchUITests/Info.plist;
				LD_RUNPATH_SEARCH_PATHS = (
					"$(inherited)",
					"@executable_path/Frameworks",
					"@loader_path/Frameworks",
				);
				PRODUCT_BUNDLE_IDENTIFIER = sai.StopWatchUITests;
				PRODUCT_NAME = "$(TARGET_NAME)";
				SWIFT_VERSION = 5.0;
				TARGETED_DEVICE_FAMILY = "1,2";
				TEST_TARGET_NAME = StopWatch;
			};
			name = Release;
		};
/* End XCBuildConfiguration section */

/* Begin XCConfigurationList section */
		1861A80E24D5423A003634FC /* Build configuration list for PBXProject "StopWatch" */ = {
			isa = XCConfigurationList;
			buildConfigurations = (
				1861A83B24D5423C003634FC /* Debug */,
				1861A83C24D5423C003634FC /* Release */,
			);
			defaultConfigurationIsVisible = 0;
			defaultConfigurationName = Release;
		};
		1861A83D24D5423C003634FC /* Build configuration list for PBXNativeTarget "StopWatch" */ = {
			isa = XCConfigurationList;
			buildConfigurations = (
				1861A83E24D5423C003634FC /* Debug */,
				1861A83F24D5423C003634FC /* Release */,
			);
			defaultConfigurationIsVisible = 0;
			defaultConfigurationName = Release;
		};
		1861A84024D5423C003634FC /* Build configuration list for PBXNativeTarget "StopWatchTests" */ = {
			isa = XCConfigurationList;
			buildConfigurations = (
				1861A84124D5423C003634FC /* Debug */,
				1861A84224D5423C003634FC /* Release */,
			);
			defaultConfigurationIsVisible = 0;
			defaultConfigurationName = Release;
		};
		1861A84324D5423C003634FC /* Build configuration list for PBXNativeTarget "StopWatchUITests" */ = {
			isa = XCConfigurationList;
			buildConfigurations = (
				1861A84424D5423C003634FC /* Debug */,
				1861A84524D5423C003634FC /* Release */,
			);
			defaultConfigurationIsVisible = 0;
			defaultConfigurationName = Release;
		};
/* End XCConfigurationList section */
	};
	rootObject = 1861A80B24D5423A003634FC /* Project object */;
}
